
Microsoft Visual Studio Solution File, Format Version 12.00
# Visual Studio Version 17
VisualStudioVersion = 17.7.34009.444
MinimumVisualStudioVersion = 10.0.40219.1
Project("{9A19103F-16F7-4668-BE54-9A1E7A4F7556}") = "01.ReverseStrings", "01.ReverseStrings\01.ReverseStrings.csproj", "{6D1C7F55-1AEC-48D9-8DEA-A8BB775247CC}"
EndProject
Project("{9A19103F-16F7-4668-BE54-9A1E7A4F7556}") = "02.RepeatStrings", "02.RepeatStrings\02.RepeatStrings.csproj", "{C8961F6F-0916-4477-8806-B1FC8211CA72}"
EndProject
Project("{9A19103F-16F7-4668-BE54-9A1E7A4F7556}") = "03.Substring", "03.Substring\03.Substring.csproj", "{91AD1473-6091-458D-B867-05268E949980}"
EndProject
Project("{9A19103F-16F7-4668-BE54-9A1E7A4F7556}") = "04.TextFilter", "04.TextFilter\04.TextFilter.csproj", "{1CE6591E-F9E2-4E43-8AC4-1843C9DA0A86}"
EndProject
Project("{9A19103F-16F7-4668-BE54-9A1E7A4F7556}") = "05.DigitsLettersAndOthers", "05.DigitsLettersAndOthers\05.DigitsLettersAndOthers.csproj", "{F1B1AD4A-7286-4EF1-8E08-214BCE44FE41}"
EndProject
Project("{9A19103F-16F7-4668-BE54-9A1E7A4F7556}") = "11.MatchFullName", "11.MatchFullName\11.MatchFullName.csproj", "{0C89B3AC-29E9-4DDE-BD70-B01429EB9981}"
EndProject
Project("{9A19103F-16F7-4668-BE54-9A1E7A4F7556}") = "12.MatchPhoneNumber", "12.MatchPhoneNumber\12.MatchPhoneNumber.csproj", "{F0DAF5F5-34F0-4FE3-A6B0-F8C82985F743}"
EndProject
Project("{9A19103F-16F7-4668-BE54-9A1E7A4F7556}") = "13.MatchDates", "13.MatchDates\13.MatchDates.csproj", "{31B5FED8-8D34-4610-8C6B-43B4CEA4C06F}"
EndProject
Project("{9A19103F-16F7-4668-BE54-9A1E7A4F7556}") = "21.CountRealNumbers", "21.CountRealNumbers\21.CountRealNumbers.csproj", "{D16234BB-A571-4DB9-94B8-07CC36A0FBD2}"
EndProject
Project("{9A19103F-16F7-4668-BE54-9A1E7A4F7556}") = "22.OddOccurrences", "22.OddOccurrences\22.OddOccurrences.csproj", "{1BD63905-0807-44B7-B83F-43B5D421F315}"
EndProject
Project("{9A19103F-16F7-4668-BE54-9A1E7A4F7556}") = "23.WordSynonyms", "23.WordSynonyms\23.WordSynonyms.csproj", "{66383EA7-620B-4193-A8F2-85AD622DD633}"
EndProject
Project("{9A19103F-16F7-4668-BE54-9A1E7A4F7556}") = "24.WordFilter", "24.WordFilter\24.WordFilter.csproj", "{DDBC1AAC-7214-452D-A3EB-ACBA35A1BF4B}"
EndProject
Project("{9A19103F-16F7-4668-BE54-9A1E7A4F7556}") = "31.CountCharsInAString", "31.CountCharsInAString\31.CountCharsInAString.csproj", "{D7D7BD2A-376E-4B3F-992C-9928E914AF7E}"
EndProject
Project("{9A19103F-16F7-4668-BE54-9A1E7A4F7556}") = "32.AMinerTask", "32.AMinerTask\32.AMinerTask.csproj", "{B183A829-719C-4EEA-94CD-47E8496AD56B}"
EndProject
Project("{9A19103F-16F7-4668-BE54-9A1E7A4F7556}") = "33.Orders", "33.Orders\33.Orders.csproj", "{B5A64ADC-8E6F-4788-AF69-06F8EFCAF168}"
EndProject
Project("{9A19103F-16F7-4668-BE54-9A1E7A4F7556}") = "34.SoftUniParking", "34.SoftUniParking\34.SoftUniParking.csproj", "{82ED6965-C45B-4A7C-88B1-F7E365C8271A}"
EndProject
Project("{9A19103F-16F7-4668-BE54-9A1E7A4F7556}") = "36.CompanyUsers", "36.CompanyUsers\36.CompanyUsers.csproj", "{002448E0-36C2-48B6-9D50-F12914A928ED}"
EndProject
Project("{9A19103F-16F7-4668-BE54-9A1E7A4F7556}") = "35. Student Academy", "35.StudentAcademy\35. Student Academy.csproj", "{43371FA8-58F7-4747-9BD5-2428A924E23A}"
EndProject
Project("{FAE04EC0-301F-11D3-BF4B-00C04F79EFBC}") = "41.Songs", "41.Songs\41.Songs.csproj", "{CD5B8E56-DBEB-4842-936C-C13DC36A37C9}"
EndProject
Project("{FAE04EC0-301F-11D3-BF4B-00C04F79EFBC}") = "42.Students", "42.Students\42.Students.csproj", "{E0FE7D2F-FC40-4F57-9AD7-2B7897CFC5F1}"
EndProject
Project("{FAE04EC0-301F-11D3-BF4B-00C04F79EFBC}") = "43.StoreBoxes", "43.StoreBoxes\43.StoreBoxes.csproj", "{F7BEBAEE-26B2-42DE-BF89-3BAD191FFCAD}"
EndProject
Global
	GlobalSection(SolutionConfigurationPlatforms) = preSolution
		Debug|Any CPU = Debug|Any CPU
		Release|Any CPU = Release|Any CPU
	EndGlobalSection
	GlobalSection(ProjectConfigurationPlatforms) = postSolution
		{6D1C7F55-1AEC-48D9-8DEA-A8BB775247CC}.Debug|Any CPU.ActiveCfg = Debug|Any CPU
		{6D1C7F55-1AEC-48D9-8DEA-A8BB775247CC}.Debug|Any CPU.Build.0 = Debug|Any CPU
		{6D1C7F55-1AEC-48D9-8DEA-A8BB775247CC}.Release|Any CPU.ActiveCfg = Release|Any CPU
		{6D1C7F55-1AEC-48D9-8DEA-A8BB775247CC}.Release|Any CPU.Build.0 = Release|Any CPU
		{C8961F6F-0916-4477-8806-B1FC8211CA72}.Debug|Any CPU.ActiveCfg = Debug|Any CPU
		{C8961F6F-0916-4477-8806-B1FC8211CA72}.Debug|Any CPU.Build.0 = Debug|Any CPU
		{C8961F6F-0916-4477-8806-B1FC8211CA72}.Release|Any CPU.ActiveCfg = Release|Any CPU
		{C8961F6F-0916-4477-8806-B1FC8211CA72}.Release|Any CPU.Build.0 = Release|Any CPU
		{91AD1473-6091-458D-B867-05268E949980}.Debug|Any CPU.ActiveCfg = Debug|Any CPU
		{91AD1473-6091-458D-B867-05268E949980}.Debug|Any CPU.Build.0 = Debug|Any CPU
		{91AD1473-6091-458D-B867-05268E949980}.Release|Any CPU.ActiveCfg = Release|Any CPU
		{91AD1473-6091-458D-B867-05268E949980}.Release|Any CPU.Build.0 = Release|Any CPU
		{1CE6591E-F9E2-4E43-8AC4-1843C9DA0A86}.Debug|Any CPU.ActiveCfg = Debug|Any CPU
		{1CE6591E-F9E2-4E43-8AC4-1843C9DA0A86}.Debug|Any CPU.Build.0 = Debug|Any CPU
		{1CE6591E-F9E2-4E43-8AC4-1843C9DA0A86}.Release|Any CPU.ActiveCfg = Release|Any CPU
		{1CE6591E-F9E2-4E43-8AC4-1843C9DA0A86}.Release|Any CPU.Build.0 = Release|Any CPU
		{F1B1AD4A-7286-4EF1-8E08-214BCE44FE41}.Debug|Any CPU.ActiveCfg = Debug|Any CPU
		{F1B1AD4A-7286-4EF1-8E08-214BCE44FE41}.Debug|Any CPU.Build.0 = Debug|Any CPU
		{F1B1AD4A-7286-4EF1-8E08-214BCE44FE41}.Release|Any CPU.ActiveCfg = Release|Any CPU
		{F1B1AD4A-7286-4EF1-8E08-214BCE44FE41}.Release|Any CPU.Build.0 = Release|Any CPU
		{0C89B3AC-29E9-4DDE-BD70-B01429EB9981}.Debug|Any CPU.ActiveCfg = Debug|Any CPU
		{0C89B3AC-29E9-4DDE-BD70-B01429EB9981}.Debug|Any CPU.Build.0 = Debug|Any CPU
		{0C89B3AC-29E9-4DDE-BD70-B01429EB9981}.Release|Any CPU.ActiveCfg = Release|Any CPU
		{0C89B3AC-29E9-4DDE-BD70-B01429EB9981}.Release|Any CPU.Build.0 = Release|Any CPU
		{F0DAF5F5-34F0-4FE3-A6B0-F8C82985F743}.Debug|Any CPU.ActiveCfg = Debug|Any CPU
		{F0DAF5F5-34F0-4FE3-A6B0-F8C82985F743}.Debug|Any CPU.Build.0 = Debug|Any CPU
		{F0DAF5F5-34F0-4FE3-A6B0-F8C82985F743}.Release|Any CPU.ActiveCfg = Release|Any CPU
		{F0DAF5F5-34F0-4FE3-A6B0-F8C82985F743}.Release|Any CPU.Build.0 = Release|Any CPU
		{31B5FED8-8D34-4610-8C6B-43B4CEA4C06F}.Debug|Any CPU.ActiveCfg = Debug|Any CPU
		{31B5FED8-8D34-4610-8C6B-43B4CEA4C06F}.Debug|Any CPU.Build.0 = Debug|Any CPU
		{31B5FED8-8D34-4610-8C6B-43B4CEA4C06F}.Release|Any CPU.ActiveCfg = Release|Any CPU
		{31B5FED8-8D34-4610-8C6B-43B4CEA4C06F}.Release|Any CPU.Build.0 = Release|Any CPU
		{D16234BB-A571-4DB9-94B8-07CC36A0FBD2}.Debug|Any CPU.ActiveCfg = Debug|Any CPU
		{D16234BB-A571-4DB9-94B8-07CC36A0FBD2}.Debug|Any CPU.Build.0 = Debug|Any CPU
		{D16234BB-A571-4DB9-94B8-07CC36A0FBD2}.Release|Any CPU.ActiveCfg = Release|Any CPU
		{D16234BB-A571-4DB9-94B8-07CC36A0FBD2}.Release|Any CPU.Build.0 = Release|Any CPU
		{1BD63905-0807-44B7-B83F-43B5D421F315}.Debug|Any CPU.ActiveCfg = Debug|Any CPU
		{1BD63905-0807-44B7-B83F-43B5D421F315}.Debug|Any CPU.Build.0 = Debug|Any CPU
		{1BD63905-0807-44B7-B83F-43B5D421F315}.Release|Any CPU.ActiveCfg = Release|Any CPU
		{1BD63905-0807-44B7-B83F-43B5D421F315}.Release|Any CPU.Build.0 = Release|Any CPU
		{66383EA7-620B-4193-A8F2-85AD622DD633}.Debug|Any CPU.ActiveCfg = Debug|Any CPU
		{66383EA7-620B-4193-A8F2-85AD622DD633}.Debug|Any CPU.Build.0 = Debug|Any CPU
		{66383EA7-620B-4193-A8F2-85AD622DD633}.Release|Any CPU.ActiveCfg = Release|Any CPU
		{66383EA7-620B-4193-A8F2-85AD622DD633}.Release|Any CPU.Build.0 = Release|Any CPU
		{DDBC1AAC-7214-452D-A3EB-ACBA35A1BF4B}.Debug|Any CPU.ActiveCfg = Debug|Any CPU
		{DDBC1AAC-7214-452D-A3EB-ACBA35A1BF4B}.Debug|Any CPU.Build.0 = Debug|Any CPU
		{DDBC1AAC-7214-452D-A3EB-ACBA35A1BF4B}.Release|Any CPU.ActiveCfg = Release|Any CPU
		{DDBC1AAC-7214-452D-A3EB-ACBA35A1BF4B}.Release|Any CPU.Build.0 = Release|Any CPU
		{D7D7BD2A-376E-4B3F-992C-9928E914AF7E}.Debug|Any CPU.ActiveCfg = Debug|Any CPU
		{D7D7BD2A-376E-4B3F-992C-9928E914AF7E}.Debug|Any CPU.Build.0 = Debug|Any CPU
		{D7D7BD2A-376E-4B3F-992C-9928E914AF7E}.Release|Any CPU.ActiveCfg = Release|Any CPU
		{D7D7BD2A-376E-4B3F-992C-9928E914AF7E}.Release|Any CPU.Build.0 = Release|Any CPU
		{B183A829-719C-4EEA-94CD-47E8496AD56B}.Debug|Any CPU.ActiveCfg = Debug|Any CPU
		{B183A829-719C-4EEA-94CD-47E8496AD56B}.Debug|Any CPU.Build.0 = Debug|Any CPU
		{B183A829-719C-4EEA-94CD-47E8496AD56B}.Release|Any CPU.ActiveCfg = Release|Any CPU
		{B183A829-719C-4EEA-94CD-47E8496AD56B}.Release|Any CPU.Build.0 = Release|Any CPU
		{B5A64ADC-8E6F-4788-AF69-06F8EFCAF168}.Debug|Any CPU.ActiveCfg = Debug|Any CPU
		{B5A64ADC-8E6F-4788-AF69-06F8EFCAF168}.Debug|Any CPU.Build.0 = Debug|Any CPU
		{B5A64ADC-8E6F-4788-AF69-06F8EFCAF168}.Release|Any CPU.ActiveCfg = Release|Any CPU
		{B5A64ADC-8E6F-4788-AF69-06F8EFCAF168}.Release|Any CPU.Build.0 = Release|Any CPU
		{82ED6965-C45B-4A7C-88B1-F7E365C8271A}.Debug|Any CPU.ActiveCfg = Debug|Any CPU
		{82ED6965-C45B-4A7C-88B1-F7E365C8271A}.Debug|Any CPU.Build.0 = Debug|Any CPU
		{82ED6965-C45B-4A7C-88B1-F7E365C8271A}.Release|Any CPU.ActiveCfg = Release|Any CPU
		{82ED6965-C45B-4A7C-88B1-F7E365C8271A}.Release|Any CPU.Build.0 = Release|Any CPU
		{002448E0-36C2-48B6-9D50-F12914A928ED}.Debug|Any CPU.ActiveCfg = Debug|Any CPU
		{002448E0-36C2-48B6-9D50-F12914A928ED}.Debug|Any CPU.Build.0 = Debug|Any CPU
		{002448E0-36C2-48B6-9D50-F12914A928ED}.Release|Any CPU.ActiveCfg = Release|Any CPU
		{002448E0-36C2-48B6-9D50-F12914A928ED}.Release|Any CPU.Build.0 = Release|Any CPU
		{43371FA8-58F7-4747-9BD5-2428A924E23A}.Debug|Any CPU.ActiveCfg = Debug|Any CPU
		{43371FA8-58F7-4747-9BD5-2428A924E23A}.Debug|Any CPU.Build.0 = Debug|Any CPU
		{43371FA8-58F7-4747-9BD5-2428A924E23A}.Release|Any CPU.ActiveCfg = Release|Any CPU
		{43371FA8-58F7-4747-9BD5-2428A924E23A}.Release|Any CPU.Build.0 = Release|Any CPU
		{CD5B8E56-DBEB-4842-936C-C13DC36A37C9}.Debug|Any CPU.ActiveCfg = Debug|Any CPU
		{CD5B8E56-DBEB-4842-936C-C13DC36A37C9}.Debug|Any CPU.Build.0 = Debug|Any CPU
		{CD5B8E56-DBEB-4842-936C-C13DC36A37C9}.Release|Any CPU.ActiveCfg = Release|Any CPU
		{CD5B8E56-DBEB-4842-936C-C13DC36A37C9}.Release|Any CPU.Build.0 = Release|Any CPU
		{E0FE7D2F-FC40-4F57-9AD7-2B7897CFC5F1}.Debug|Any CPU.ActiveCfg = Debug|Any CPU
		{E0FE7D2F-FC40-4F57-9AD7-2B7897CFC5F1}.Debug|Any CPU.Build.0 = Debug|Any CPU
		{E0FE7D2F-FC40-4F57-9AD7-2B7897CFC5F1}.Release|Any CPU.ActiveCfg = Release|Any CPU
		{E0FE7D2F-FC40-4F57-9AD7-2B7897CFC5F1}.Release|Any CPU.Build.0 = Release|Any CPU
		{F7BEBAEE-26B2-42DE-BF89-3BAD191FFCAD}.Debug|Any CPU.ActiveCfg = Debug|Any CPU
		{F7BEBAEE-26B2-42DE-BF89-3BAD191FFCAD}.Debug|Any CPU.Build.0 = Debug|Any CPU
		{F7BEBAEE-26B2-42DE-BF89-3BAD191FFCAD}.Release|Any CPU.ActiveCfg = Release|Any CPU
		{F7BEBAEE-26B2-42DE-BF89-3BAD191FFCAD}.Release|Any CPU.Build.0 = Release|Any CPU
	EndGlobalSection
	GlobalSection(SolutionProperties) = preSolution
		HideSolutionNode = FALSE
	EndGlobalSection
	GlobalSection(ExtensibilityGlobals) = postSolution
		SolutionGuid = {6AA1ECB3-EB04-47EA-AE31-C71E717AA595}
	EndGlobalSection
EndGlobal
