
Microsoft Visual Studio Solution File, Format Version 12.00
# Visual Studio Version 17
VisualStudioVersion = 17.7.34009.444
MinimumVisualStudioVersion = 10.0.40219.1
Project("{9A19103F-16F7-4668-BE54-9A1E7A4F7556}") = "01.ReverseStrings", "01.ReverseStrings\01.ReverseStrings.csproj", "{6D1C7F55-1AEC-48D9-8DEA-A8BB775247CC}"
EndProject
Project("{9A19103F-16F7-4668-BE54-9A1E7A4F7556}") = "02.RepeatStrings", "02.RepeatStrings\02.RepeatStrings.csproj", "{C8961F6F-0916-4477-8806-B1FC8211CA72}"
EndProject
Project("{FAE04EC0-301F-11D3-BF4B-00C04F79EFBC}") = "03.Substring", "03.Substring\03.Substring.csproj", "{91AD1473-6091-458D-B867-05268E949980}"
EndProject
Project("{FAE04EC0-301F-11D3-BF4B-00C04F79EFBC}") = "04.TextFilter", "04.TextFilter\04.TextFilter.csproj", "{1CE6591E-F9E2-4E43-8AC4-1843C9DA0A86}"
EndProject
Project("{FAE04EC0-301F-11D3-BF4B-00C04F79EFBC}") = "05.DigitsLettersAndOthers", "05.DigitsLettersAndOthers\05.DigitsLettersAndOthers.csproj", "{F1B1AD4A-7286-4EF1-8E08-214BCE44FE41}"
EndProject
Project("{FAE04EC0-301F-11D3-BF4B-00C04F79EFBC}") = "11.MatchFullName", "11.MatchFullName\11.MatchFullName.csproj", "{0C89B3AC-29E9-4DDE-BD70-B01429EB9981}"
EndProject
Project("{FAE04EC0-301F-11D3-BF4B-00C04F79EFBC}") = "12.MatchPhoneNumber", "12.MatchPhoneNumber\12.MatchPhoneNumber.csproj", "{F0DAF5F5-34F0-4FE3-A6B0-F8C82985F743}"
EndProject
Project("{FAE04EC0-301F-11D3-BF4B-00C04F79EFBC}") = "13.MatchDates", "13.MatchDates\13.MatchDates.csproj", "{31B5FED8-8D34-4610-8C6B-43B4CEA4C06F}"
EndProject
Global
	GlobalSection(SolutionConfigurationPlatforms) = preSolution
		Debug|Any CPU = Debug|Any CPU
		Release|Any CPU = Release|Any CPU
	EndGlobalSection
	GlobalSection(ProjectConfigurationPlatforms) = postSolution
		{6D1C7F55-1AEC-48D9-8DEA-A8BB775247CC}.Debug|Any CPU.ActiveCfg = Debug|Any CPU
		{6D1C7F55-1AEC-48D9-8DEA-A8BB775247CC}.Debug|Any CPU.Build.0 = Debug|Any CPU
		{6D1C7F55-1AEC-48D9-8DEA-A8BB775247CC}.Release|Any CPU.ActiveCfg = Release|Any CPU
		{6D1C7F55-1AEC-48D9-8DEA-A8BB775247CC}.Release|Any CPU.Build.0 = Release|Any CPU
		{C8961F6F-0916-4477-8806-B1FC8211CA72}.Debug|Any CPU.ActiveCfg = Debug|Any CPU
		{C8961F6F-0916-4477-8806-B1FC8211CA72}.Debug|Any CPU.Build.0 = Debug|Any CPU
		{C8961F6F-0916-4477-8806-B1FC8211CA72}.Release|Any CPU.ActiveCfg = Release|Any CPU
		{C8961F6F-0916-4477-8806-B1FC8211CA72}.Release|Any CPU.Build.0 = Release|Any CPU
		{91AD1473-6091-458D-B867-05268E949980}.Debug|Any CPU.ActiveCfg = Debug|Any CPU
		{91AD1473-6091-458D-B867-05268E949980}.Debug|Any CPU.Build.0 = Debug|Any CPU
		{91AD1473-6091-458D-B867-05268E949980}.Release|Any CPU.ActiveCfg = Release|Any CPU
		{91AD1473-6091-458D-B867-05268E949980}.Release|Any CPU.Build.0 = Release|Any CPU
		{1CE6591E-F9E2-4E43-8AC4-1843C9DA0A86}.Debug|Any CPU.ActiveCfg = Debug|Any CPU
		{1CE6591E-F9E2-4E43-8AC4-1843C9DA0A86}.Debug|Any CPU.Build.0 = Debug|Any CPU
		{1CE6591E-F9E2-4E43-8AC4-1843C9DA0A86}.Release|Any CPU.ActiveCfg = Release|Any CPU
		{1CE6591E-F9E2-4E43-8AC4-1843C9DA0A86}.Release|Any CPU.Build.0 = Release|Any CPU
		{F1B1AD4A-7286-4EF1-8E08-214BCE44FE41}.Debug|Any CPU.ActiveCfg = Debug|Any CPU
		{F1B1AD4A-7286-4EF1-8E08-214BCE44FE41}.Debug|Any CPU.Build.0 = Debug|Any CPU
		{F1B1AD4A-7286-4EF1-8E08-214BCE44FE41}.Release|Any CPU.ActiveCfg = Release|Any CPU
		{F1B1AD4A-7286-4EF1-8E08-214BCE44FE41}.Release|Any CPU.Build.0 = Release|Any CPU
		{0C89B3AC-29E9-4DDE-BD70-B01429EB9981}.Debug|Any CPU.ActiveCfg = Debug|Any CPU
		{0C89B3AC-29E9-4DDE-BD70-B01429EB9981}.Debug|Any CPU.Build.0 = Debug|Any CPU
		{0C89B3AC-29E9-4DDE-BD70-B01429EB9981}.Release|Any CPU.ActiveCfg = Release|Any CPU
		{0C89B3AC-29E9-4DDE-BD70-B01429EB9981}.Release|Any CPU.Build.0 = Release|Any CPU
		{F0DAF5F5-34F0-4FE3-A6B0-F8C82985F743}.Debug|Any CPU.ActiveCfg = Debug|Any CPU
		{F0DAF5F5-34F0-4FE3-A6B0-F8C82985F743}.Debug|Any CPU.Build.0 = Debug|Any CPU
		{F0DAF5F5-34F0-4FE3-A6B0-F8C82985F743}.Release|Any CPU.ActiveCfg = Release|Any CPU
		{F0DAF5F5-34F0-4FE3-A6B0-F8C82985F743}.Release|Any CPU.Build.0 = Release|Any CPU
		{31B5FED8-8D34-4610-8C6B-43B4CEA4C06F}.Debug|Any CPU.ActiveCfg = Debug|Any CPU
		{31B5FED8-8D34-4610-8C6B-43B4CEA4C06F}.Debug|Any CPU.Build.0 = Debug|Any CPU
		{31B5FED8-8D34-4610-8C6B-43B4CEA4C06F}.Release|Any CPU.ActiveCfg = Release|Any CPU
		{31B5FED8-8D34-4610-8C6B-43B4CEA4C06F}.Release|Any CPU.Build.0 = Release|Any CPU
	EndGlobalSection
	GlobalSection(SolutionProperties) = preSolution
		HideSolutionNode = FALSE
	EndGlobalSection
	GlobalSection(ExtensibilityGlobals) = postSolution
		SolutionGuid = {6AA1ECB3-EB04-47EA-AE31-C71E717AA595}
	EndGlobalSection
EndGlobal
